
Microsoft Visual Studio Solution File, Format Version 12.00
# Visual Studio Version 17
VisualStudioVersion = 17.10.34928.147
MinimumVisualStudioVersion = 10.0.40219.1
Project("{FAE04EC0-301F-11D3-BF4B-00C04F79EFBC}") = "Assignment 2.Android", "Assignment 2.Android\Assignment 2.Android.csproj", "{E49D450B-BFB3-4B7E-8D45-397EAF743E20}"
EndProject
Project("{FAE04EC0-301F-11D3-BF4B-00C04F79EFBC}") = "Assignment 2.iOS", "Assignment 2.iOS\Assignment 2.iOS.csproj", "{7ECA6B42-F62D-41C9-901D-77A659B7671B}"
EndProject
Project("{FAE04EC0-301F-11D3-BF4B-00C04F79EFBC}") = "Assignment 2", "Assignment 2\Assignment 2.csproj", "{C75E9ED0-F919-4BB7-813D-1263B33BA413}"
EndProject
Global
	GlobalSection(SolutionConfigurationPlatforms) = preSolution
		Debug|Any CPU = Debug|Any CPU
		Debug|iPhone = Debug|iPhone
		Debug|iPhoneSimulator = Debug|iPhoneSimulator
		Release|Any CPU = Release|Any CPU
		Release|iPhone = Release|iPhone
		Release|iPhoneSimulator = Release|iPhoneSimulator
	EndGlobalSection
	GlobalSection(ProjectConfigurationPlatforms) = postSolution
		{E49D450B-BFB3-4B7E-8D45-397EAF743E20}.Debug|Any CPU.ActiveCfg = Debug|Any CPU
		{E49D450B-BFB3-4B7E-8D45-397EAF743E20}.Debug|Any CPU.Build.0 = Debug|Any CPU
		{E49D450B-BFB3-4B7E-8D45-397EAF743E20}.Debug|Any CPU.Deploy.0 = Debug|Any CPU
		{E49D450B-BFB3-4B7E-8D45-397EAF743E20}.Debug|iPhone.ActiveCfg = Debug|Any CPU
		{E49D450B-BFB3-4B7E-8D45-397EAF743E20}.Debug|iPhone.Build.0 = Debug|Any CPU
		{E49D450B-BFB3-4B7E-8D45-397EAF743E20}.Debug|iPhone.Deploy.0 = Debug|Any CPU
		{E49D450B-BFB3-4B7E-8D45-397EAF743E20}.Debug|iPhoneSimulator.ActiveCfg = Debug|Any CPU
		{E49D450B-BFB3-4B7E-8D45-397EAF743E20}.Debug|iPhoneSimulator.Build.0 = Debug|Any CPU
		{E49D450B-BFB3-4B7E-8D45-397EAF743E20}.Debug|iPhoneSimulator.Deploy.0 = Debug|Any CPU
		{E49D450B-BFB3-4B7E-8D45-397EAF743E20}.Release|Any CPU.ActiveCfg = Release|Any CPU
		{E49D450B-BFB3-4B7E-8D45-397EAF743E20}.Release|Any CPU.Build.0 = Release|Any CPU
		{E49D450B-BFB3-4B7E-8D45-397EAF743E20}.Release|Any CPU.Deploy.0 = Release|Any CPU
		{E49D450B-BFB3-4B7E-8D45-397EAF743E20}.Release|iPhone.ActiveCfg = Release|Any CPU
		{E49D450B-BFB3-4B7E-8D45-397EAF743E20}.Release|iPhone.Build.0 = Release|Any CPU
		{E49D450B-BFB3-4B7E-8D45-397EAF743E20}.Release|iPhone.Deploy.0 = Release|Any CPU
		{E49D450B-BFB3-4B7E-8D45-397EAF743E20}.Release|iPhoneSimulator.ActiveCfg = Release|Any CPU
		{E49D450B-BFB3-4B7E-8D45-397EAF743E20}.Release|iPhoneSimulator.Build.0 = Release|Any CPU
		{E49D450B-BFB3-4B7E-8D45-397EAF743E20}.Release|iPhoneSimulator.Deploy.0 = Release|Any CPU
		{7ECA6B42-F62D-41C9-901D-77A659B7671B}.Debug|Any CPU.ActiveCfg = Debug|iPhone
		{7ECA6B42-F62D-41C9-901D-77A659B7671B}.Debug|Any CPU.Build.0 = Debug|iPhone
		{7ECA6B42-F62D-41C9-901D-77A659B7671B}.Debug|Any CPU.Deploy.0 = Debug|iPhone
		{7ECA6B42-F62D-41C9-901D-77A659B7671B}.Debug|iPhone.ActiveCfg = Debug|iPhone
		{7ECA6B42-F62D-41C9-901D-77A659B7671B}.Debug|iPhone.Build.0 = Debug|iPhone
		{7ECA6B42-F62D-41C9-901D-77A659B7671B}.Debug|iPhone.Deploy.0 = Debug|iPhone
		{7ECA6B42-F62D-41C9-901D-77A659B7671B}.Debug|iPhoneSimulator.ActiveCfg = Debug|iPhoneSimulator
		{7ECA6B42-F62D-41C9-901D-77A659B7671B}.Debug|iPhoneSimulator.Build.0 = Debug|iPhoneSimulator
		{7ECA6B42-F62D-41C9-901D-77A659B7671B}.Debug|iPhoneSimulator.Deploy.0 = Debug|iPhoneSimulator
		{7ECA6B42-F62D-41C9-901D-77A659B7671B}.Release|Any CPU.ActiveCfg = Release|iPhoneSimulator
		{7ECA6B42-F62D-41C9-901D-77A659B7671B}.Release|Any CPU.Build.0 = Release|iPhoneSimulator
		{7ECA6B42-F62D-41C9-901D-77A659B7671B}.Release|Any CPU.Deploy.0 = Release|iPhoneSimulator
		{7ECA6B42-F62D-41C9-901D-77A659B7671B}.Release|iPhone.ActiveCfg = Release|iPhone
		{7ECA6B42-F62D-41C9-901D-77A659B7671B}.Release|iPhone.Build.0 = Release|iPhone
		{7ECA6B42-F62D-41C9-901D-77A659B7671B}.Release|iPhone.Deploy.0 = Release|iPhone
		{7ECA6B42-F62D-41C9-901D-77A659B7671B}.Release|iPhoneSimulator.ActiveCfg = Release|iPhoneSimulator
		{7ECA6B42-F62D-41C9-901D-77A659B7671B}.Release|iPhoneSimulator.Build.0 = Release|iPhoneSimulator
		{7ECA6B42-F62D-41C9-901D-77A659B7671B}.Release|iPhoneSimulator.Deploy.0 = Release|iPhoneSimulator
		{C75E9ED0-F919-4BB7-813D-1263B33BA413}.Debug|Any CPU.ActiveCfg = Debug|Any CPU
		{C75E9ED0-F919-4BB7-813D-1263B33BA413}.Debug|Any CPU.Build.0 = Debug|Any CPU
		{C75E9ED0-F919-4BB7-813D-1263B33BA413}.Debug|Any CPU.Deploy.0 = Debug|Any CPU
		{C75E9ED0-F919-4BB7-813D-1263B33BA413}.Debug|iPhone.ActiveCfg = Debug|Any CPU
		{C75E9ED0-F919-4BB7-813D-1263B33BA413}.Debug|iPhone.Build.0 = Debug|Any CPU
		{C75E9ED0-F919-4BB7-813D-1263B33BA413}.Debug|iPhone.Deploy.0 = Debug|Any CPU
		{C75E9ED0-F919-4BB7-813D-1263B33BA413}.Debug|iPhoneSimulator.ActiveCfg = Debug|Any CPU
		{C75E9ED0-F919-4BB7-813D-1263B33BA413}.Debug|iPhoneSimulator.Build.0 = Debug|Any CPU
		{C75E9ED0-F919-4BB7-813D-1263B33BA413}.Debug|iPhoneSimulator.Deploy.0 = Debug|Any CPU
		{C75E9ED0-F919-4BB7-813D-1263B33BA413}.Release|Any CPU.ActiveCfg = Release|Any CPU
		{C75E9ED0-F919-4BB7-813D-1263B33BA413}.Release|Any CPU.Build.0 = Release|Any CPU
		{C75E9ED0-F919-4BB7-813D-1263B33BA413}.Release|Any CPU.Deploy.0 = Release|Any CPU
		{C75E9ED0-F919-4BB7-813D-1263B33BA413}.Release|iPhone.ActiveCfg = Release|Any CPU
		{C75E9ED0-F919-4BB7-813D-1263B33BA413}.Release|iPhone.Build.0 = Release|Any CPU
		{C75E9ED0-F919-4BB7-813D-1263B33BA413}.Release|iPhone.Deploy.0 = Release|Any CPU
		{C75E9ED0-F919-4BB7-813D-1263B33BA413}.Release|iPhoneSimulator.ActiveCfg = Release|Any CPU
		{C75E9ED0-F919-4BB7-813D-1263B33BA413}.Release|iPhoneSimulator.Build.0 = Release|Any CPU
		{C75E9ED0-F919-4BB7-813D-1263B33BA413}.Release|iPhoneSimulator.Deploy.0 = Release|Any CPU
	EndGlobalSection
	GlobalSection(SolutionProperties) = preSolution
		HideSolutionNode = FALSE
	EndGlobalSection
	GlobalSection(ExtensibilityGlobals) = postSolution
		SolutionGuid = {BD18B812-116E-4C28-BC8B-FC8DA73DD697}
	EndGlobalSection
EndGlobal
