
Microsoft Visual Studio Solution File, Format Version 12.00
# Visual Studio Version 17
VisualStudioVersion = 17.10.34916.146
MinimumVisualStudioVersion = 10.0.40219.1
Project("{FAE04EC0-301F-11D3-BF4B-00C04F79EFBC}") = "UtilityBills-marco.Android", "UtilityBills-marco.Android\UtilityBills-marco.Android.csproj", "{86C9AC71-C29A-4102-9D7C-3505886F4548}"
EndProject
Project("{FAE04EC0-301F-11D3-BF4B-00C04F79EFBC}") = "UtilityBills-marco.iOS", "UtilityBills-marco.iOS\UtilityBills-marco.iOS.csproj", "{CBA3D1C0-F3AE-497B-8589-C9968D31B5B8}"
EndProject
Project("{FAE04EC0-301F-11D3-BF4B-00C04F79EFBC}") = "UtilityBills-marco", "UtilityBills-marco\UtilityBills-marco.csproj", "{45C2EDDE-9CDF-4574-949E-63296ED0487A}"
EndProject
Global
	GlobalSection(SolutionConfigurationPlatforms) = preSolution
		Debug|Any CPU = Debug|Any CPU
		Debug|iPhone = Debug|iPhone
		Debug|iPhoneSimulator = Debug|iPhoneSimulator
		Release|Any CPU = Release|Any CPU
		Release|iPhone = Release|iPhone
		Release|iPhoneSimulator = Release|iPhoneSimulator
	EndGlobalSection
	GlobalSection(ProjectConfigurationPlatforms) = postSolution
		{86C9AC71-C29A-4102-9D7C-3505886F4548}.Debug|Any CPU.ActiveCfg = Debug|Any CPU
		{86C9AC71-C29A-4102-9D7C-3505886F4548}.Debug|Any CPU.Build.0 = Debug|Any CPU
		{86C9AC71-C29A-4102-9D7C-3505886F4548}.Debug|Any CPU.Deploy.0 = Debug|Any CPU
		{86C9AC71-C29A-4102-9D7C-3505886F4548}.Debug|iPhone.ActiveCfg = Debug|Any CPU
		{86C9AC71-C29A-4102-9D7C-3505886F4548}.Debug|iPhone.Build.0 = Debug|Any CPU
		{86C9AC71-C29A-4102-9D7C-3505886F4548}.Debug|iPhone.Deploy.0 = Debug|Any CPU
		{86C9AC71-C29A-4102-9D7C-3505886F4548}.Debug|iPhoneSimulator.ActiveCfg = Debug|Any CPU
		{86C9AC71-C29A-4102-9D7C-3505886F4548}.Debug|iPhoneSimulator.Build.0 = Debug|Any CPU
		{86C9AC71-C29A-4102-9D7C-3505886F4548}.Debug|iPhoneSimulator.Deploy.0 = Debug|Any CPU
		{86C9AC71-C29A-4102-9D7C-3505886F4548}.Release|Any CPU.ActiveCfg = Release|Any CPU
		{86C9AC71-C29A-4102-9D7C-3505886F4548}.Release|Any CPU.Build.0 = Release|Any CPU
		{86C9AC71-C29A-4102-9D7C-3505886F4548}.Release|Any CPU.Deploy.0 = Release|Any CPU
		{86C9AC71-C29A-4102-9D7C-3505886F4548}.Release|iPhone.ActiveCfg = Release|Any CPU
		{86C9AC71-C29A-4102-9D7C-3505886F4548}.Release|iPhone.Build.0 = Release|Any CPU
		{86C9AC71-C29A-4102-9D7C-3505886F4548}.Release|iPhone.Deploy.0 = Release|Any CPU
		{86C9AC71-C29A-4102-9D7C-3505886F4548}.Release|iPhoneSimulator.ActiveCfg = Release|Any CPU
		{86C9AC71-C29A-4102-9D7C-3505886F4548}.Release|iPhoneSimulator.Build.0 = Release|Any CPU
		{86C9AC71-C29A-4102-9D7C-3505886F4548}.Release|iPhoneSimulator.Deploy.0 = Release|Any CPU
		{CBA3D1C0-F3AE-497B-8589-C9968D31B5B8}.Debug|Any CPU.ActiveCfg = Debug|iPhone
		{CBA3D1C0-F3AE-497B-8589-C9968D31B5B8}.Debug|Any CPU.Build.0 = Debug|iPhone
		{CBA3D1C0-F3AE-497B-8589-C9968D31B5B8}.Debug|Any CPU.Deploy.0 = Debug|iPhone
		{CBA3D1C0-F3AE-497B-8589-C9968D31B5B8}.Debug|iPhone.ActiveCfg = Debug|iPhone
		{CBA3D1C0-F3AE-497B-8589-C9968D31B5B8}.Debug|iPhone.Build.0 = Debug|iPhone
		{CBA3D1C0-F3AE-497B-8589-C9968D31B5B8}.Debug|iPhone.Deploy.0 = Debug|iPhone
		{CBA3D1C0-F3AE-497B-8589-C9968D31B5B8}.Debug|iPhoneSimulator.ActiveCfg = Debug|iPhoneSimulator
		{CBA3D1C0-F3AE-497B-8589-C9968D31B5B8}.Debug|iPhoneSimulator.Build.0 = Debug|iPhoneSimulator
		{CBA3D1C0-F3AE-497B-8589-C9968D31B5B8}.Debug|iPhoneSimulator.Deploy.0 = Debug|iPhoneSimulator
		{CBA3D1C0-F3AE-497B-8589-C9968D31B5B8}.Release|Any CPU.ActiveCfg = Release|iPhoneSimulator
		{CBA3D1C0-F3AE-497B-8589-C9968D31B5B8}.Release|Any CPU.Build.0 = Release|iPhoneSimulator
		{CBA3D1C0-F3AE-497B-8589-C9968D31B5B8}.Release|Any CPU.Deploy.0 = Release|iPhoneSimulator
		{CBA3D1C0-F3AE-497B-8589-C9968D31B5B8}.Release|iPhone.ActiveCfg = Release|iPhone
		{CBA3D1C0-F3AE-497B-8589-C9968D31B5B8}.Release|iPhone.Build.0 = Release|iPhone
		{CBA3D1C0-F3AE-497B-8589-C9968D31B5B8}.Release|iPhone.Deploy.0 = Release|iPhone
		{CBA3D1C0-F3AE-497B-8589-C9968D31B5B8}.Release|iPhoneSimulator.ActiveCfg = Release|iPhoneSimulator
		{CBA3D1C0-F3AE-497B-8589-C9968D31B5B8}.Release|iPhoneSimulator.Build.0 = Release|iPhoneSimulator
		{CBA3D1C0-F3AE-497B-8589-C9968D31B5B8}.Release|iPhoneSimulator.Deploy.0 = Release|iPhoneSimulator
		{45C2EDDE-9CDF-4574-949E-63296ED0487A}.Debug|Any CPU.ActiveCfg = Debug|Any CPU
		{45C2EDDE-9CDF-4574-949E-63296ED0487A}.Debug|Any CPU.Build.0 = Debug|Any CPU
		{45C2EDDE-9CDF-4574-949E-63296ED0487A}.Debug|Any CPU.Deploy.0 = Debug|Any CPU
		{45C2EDDE-9CDF-4574-949E-63296ED0487A}.Debug|iPhone.ActiveCfg = Debug|Any CPU
		{45C2EDDE-9CDF-4574-949E-63296ED0487A}.Debug|iPhone.Build.0 = Debug|Any CPU
		{45C2EDDE-9CDF-4574-949E-63296ED0487A}.Debug|iPhone.Deploy.0 = Debug|Any CPU
		{45C2EDDE-9CDF-4574-949E-63296ED0487A}.Debug|iPhoneSimulator.ActiveCfg = Debug|Any CPU
		{45C2EDDE-9CDF-4574-949E-63296ED0487A}.Debug|iPhoneSimulator.Build.0 = Debug|Any CPU
		{45C2EDDE-9CDF-4574-949E-63296ED0487A}.Debug|iPhoneSimulator.Deploy.0 = Debug|Any CPU
		{45C2EDDE-9CDF-4574-949E-63296ED0487A}.Release|Any CPU.ActiveCfg = Release|Any CPU
		{45C2EDDE-9CDF-4574-949E-63296ED0487A}.Release|Any CPU.Build.0 = Release|Any CPU
		{45C2EDDE-9CDF-4574-949E-63296ED0487A}.Release|Any CPU.Deploy.0 = Release|Any CPU
		{45C2EDDE-9CDF-4574-949E-63296ED0487A}.Release|iPhone.ActiveCfg = Release|Any CPU
		{45C2EDDE-9CDF-4574-949E-63296ED0487A}.Release|iPhone.Build.0 = Release|Any CPU
		{45C2EDDE-9CDF-4574-949E-63296ED0487A}.Release|iPhone.Deploy.0 = Release|Any CPU
		{45C2EDDE-9CDF-4574-949E-63296ED0487A}.Release|iPhoneSimulator.ActiveCfg = Release|Any CPU
		{45C2EDDE-9CDF-4574-949E-63296ED0487A}.Release|iPhoneSimulator.Build.0 = Release|Any CPU
		{45C2EDDE-9CDF-4574-949E-63296ED0487A}.Release|iPhoneSimulator.Deploy.0 = Release|Any CPU
	EndGlobalSection
	GlobalSection(SolutionProperties) = preSolution
		HideSolutionNode = FALSE
	EndGlobalSection
	GlobalSection(ExtensibilityGlobals) = postSolution
		SolutionGuid = {214E417D-132C-4F32-AC81-AEEAA7C7D638}
	EndGlobalSection
EndGlobal
