
Microsoft Visual Studio Solution File, Format Version 12.00
# Visual Studio Version 17
VisualStudioVersion = 17.10.35004.147
MinimumVisualStudioVersion = 10.0.40219.1
Project("{FAE04EC0-301F-11D3-BF4B-00C04F79EFBC}") = "UserProfile.Android", "UserProfile.Android\UserProfile.Android.csproj", "{544D14FF-4DDF-49B3-BEDE-1B6277B505F3}"
EndProject
Project("{FAE04EC0-301F-11D3-BF4B-00C04F79EFBC}") = "UserProfile.iOS", "UserProfile.iOS\UserProfile.iOS.csproj", "{4EFEE2EA-95F7-4231-AB4C-0C02BA591323}"
EndProject
Project("{FAE04EC0-301F-11D3-BF4B-00C04F79EFBC}") = "UserProfile", "UserProfile\UserProfile.csproj", "{602BA5AE-68CF-4EB4-AF17-6D529A80B55B}"
EndProject
Global
	GlobalSection(SolutionConfigurationPlatforms) = preSolution
		Debug|Any CPU = Debug|Any CPU
		Debug|iPhone = Debug|iPhone
		Debug|iPhoneSimulator = Debug|iPhoneSimulator
		Release|Any CPU = Release|Any CPU
		Release|iPhone = Release|iPhone
		Release|iPhoneSimulator = Release|iPhoneSimulator
	EndGlobalSection
	GlobalSection(ProjectConfigurationPlatforms) = postSolution
		{544D14FF-4DDF-49B3-BEDE-1B6277B505F3}.Debug|Any CPU.ActiveCfg = Debug|Any CPU
		{544D14FF-4DDF-49B3-BEDE-1B6277B505F3}.Debug|Any CPU.Build.0 = Debug|Any CPU
		{544D14FF-4DDF-49B3-BEDE-1B6277B505F3}.Debug|Any CPU.Deploy.0 = Debug|Any CPU
		{544D14FF-4DDF-49B3-BEDE-1B6277B505F3}.Debug|iPhone.ActiveCfg = Debug|Any CPU
		{544D14FF-4DDF-49B3-BEDE-1B6277B505F3}.Debug|iPhone.Build.0 = Debug|Any CPU
		{544D14FF-4DDF-49B3-BEDE-1B6277B505F3}.Debug|iPhone.Deploy.0 = Debug|Any CPU
		{544D14FF-4DDF-49B3-BEDE-1B6277B505F3}.Debug|iPhoneSimulator.ActiveCfg = Debug|Any CPU
		{544D14FF-4DDF-49B3-BEDE-1B6277B505F3}.Debug|iPhoneSimulator.Build.0 = Debug|Any CPU
		{544D14FF-4DDF-49B3-BEDE-1B6277B505F3}.Debug|iPhoneSimulator.Deploy.0 = Debug|Any CPU
		{544D14FF-4DDF-49B3-BEDE-1B6277B505F3}.Release|Any CPU.ActiveCfg = Release|Any CPU
		{544D14FF-4DDF-49B3-BEDE-1B6277B505F3}.Release|Any CPU.Build.0 = Release|Any CPU
		{544D14FF-4DDF-49B3-BEDE-1B6277B505F3}.Release|Any CPU.Deploy.0 = Release|Any CPU
		{544D14FF-4DDF-49B3-BEDE-1B6277B505F3}.Release|iPhone.ActiveCfg = Release|Any CPU
		{544D14FF-4DDF-49B3-BEDE-1B6277B505F3}.Release|iPhone.Build.0 = Release|Any CPU
		{544D14FF-4DDF-49B3-BEDE-1B6277B505F3}.Release|iPhone.Deploy.0 = Release|Any CPU
		{544D14FF-4DDF-49B3-BEDE-1B6277B505F3}.Release|iPhoneSimulator.ActiveCfg = Release|Any CPU
		{544D14FF-4DDF-49B3-BEDE-1B6277B505F3}.Release|iPhoneSimulator.Build.0 = Release|Any CPU
		{544D14FF-4DDF-49B3-BEDE-1B6277B505F3}.Release|iPhoneSimulator.Deploy.0 = Release|Any CPU
		{4EFEE2EA-95F7-4231-AB4C-0C02BA591323}.Debug|Any CPU.ActiveCfg = Debug|iPhone
		{4EFEE2EA-95F7-4231-AB4C-0C02BA591323}.Debug|Any CPU.Build.0 = Debug|iPhone
		{4EFEE2EA-95F7-4231-AB4C-0C02BA591323}.Debug|Any CPU.Deploy.0 = Debug|iPhone
		{4EFEE2EA-95F7-4231-AB4C-0C02BA591323}.Debug|iPhone.ActiveCfg = Debug|iPhone
		{4EFEE2EA-95F7-4231-AB4C-0C02BA591323}.Debug|iPhone.Build.0 = Debug|iPhone
		{4EFEE2EA-95F7-4231-AB4C-0C02BA591323}.Debug|iPhone.Deploy.0 = Debug|iPhone
		{4EFEE2EA-95F7-4231-AB4C-0C02BA591323}.Debug|iPhoneSimulator.ActiveCfg = Debug|iPhoneSimulator
		{4EFEE2EA-95F7-4231-AB4C-0C02BA591323}.Debug|iPhoneSimulator.Build.0 = Debug|iPhoneSimulator
		{4EFEE2EA-95F7-4231-AB4C-0C02BA591323}.Debug|iPhoneSimulator.Deploy.0 = Debug|iPhoneSimulator
		{4EFEE2EA-95F7-4231-AB4C-0C02BA591323}.Release|Any CPU.ActiveCfg = Release|iPhoneSimulator
		{4EFEE2EA-95F7-4231-AB4C-0C02BA591323}.Release|Any CPU.Build.0 = Release|iPhoneSimulator
		{4EFEE2EA-95F7-4231-AB4C-0C02BA591323}.Release|Any CPU.Deploy.0 = Release|iPhoneSimulator
		{4EFEE2EA-95F7-4231-AB4C-0C02BA591323}.Release|iPhone.ActiveCfg = Release|iPhone
		{4EFEE2EA-95F7-4231-AB4C-0C02BA591323}.Release|iPhone.Build.0 = Release|iPhone
		{4EFEE2EA-95F7-4231-AB4C-0C02BA591323}.Release|iPhone.Deploy.0 = Release|iPhone
		{4EFEE2EA-95F7-4231-AB4C-0C02BA591323}.Release|iPhoneSimulator.ActiveCfg = Release|iPhoneSimulator
		{4EFEE2EA-95F7-4231-AB4C-0C02BA591323}.Release|iPhoneSimulator.Build.0 = Release|iPhoneSimulator
		{4EFEE2EA-95F7-4231-AB4C-0C02BA591323}.Release|iPhoneSimulator.Deploy.0 = Release|iPhoneSimulator
		{602BA5AE-68CF-4EB4-AF17-6D529A80B55B}.Debug|Any CPU.ActiveCfg = Debug|Any CPU
		{602BA5AE-68CF-4EB4-AF17-6D529A80B55B}.Debug|Any CPU.Build.0 = Debug|Any CPU
		{602BA5AE-68CF-4EB4-AF17-6D529A80B55B}.Debug|Any CPU.Deploy.0 = Debug|Any CPU
		{602BA5AE-68CF-4EB4-AF17-6D529A80B55B}.Debug|iPhone.ActiveCfg = Debug|Any CPU
		{602BA5AE-68CF-4EB4-AF17-6D529A80B55B}.Debug|iPhone.Build.0 = Debug|Any CPU
		{602BA5AE-68CF-4EB4-AF17-6D529A80B55B}.Debug|iPhone.Deploy.0 = Debug|Any CPU
		{602BA5AE-68CF-4EB4-AF17-6D529A80B55B}.Debug|iPhoneSimulator.ActiveCfg = Debug|Any CPU
		{602BA5AE-68CF-4EB4-AF17-6D529A80B55B}.Debug|iPhoneSimulator.Build.0 = Debug|Any CPU
		{602BA5AE-68CF-4EB4-AF17-6D529A80B55B}.Debug|iPhoneSimulator.Deploy.0 = Debug|Any CPU
		{602BA5AE-68CF-4EB4-AF17-6D529A80B55B}.Release|Any CPU.ActiveCfg = Release|Any CPU
		{602BA5AE-68CF-4EB4-AF17-6D529A80B55B}.Release|Any CPU.Build.0 = Release|Any CPU
		{602BA5AE-68CF-4EB4-AF17-6D529A80B55B}.Release|Any CPU.Deploy.0 = Release|Any CPU
		{602BA5AE-68CF-4EB4-AF17-6D529A80B55B}.Release|iPhone.ActiveCfg = Release|Any CPU
		{602BA5AE-68CF-4EB4-AF17-6D529A80B55B}.Release|iPhone.Build.0 = Release|Any CPU
		{602BA5AE-68CF-4EB4-AF17-6D529A80B55B}.Release|iPhone.Deploy.0 = Release|Any CPU
		{602BA5AE-68CF-4EB4-AF17-6D529A80B55B}.Release|iPhoneSimulator.ActiveCfg = Release|Any CPU
		{602BA5AE-68CF-4EB4-AF17-6D529A80B55B}.Release|iPhoneSimulator.Build.0 = Release|Any CPU
		{602BA5AE-68CF-4EB4-AF17-6D529A80B55B}.Release|iPhoneSimulator.Deploy.0 = Release|Any CPU
	EndGlobalSection
	GlobalSection(SolutionProperties) = preSolution
		HideSolutionNode = FALSE
	EndGlobalSection
	GlobalSection(ExtensibilityGlobals) = postSolution
		SolutionGuid = {FF1643A0-4416-47BA-8E5F-37008951973D}
	EndGlobalSection
EndGlobal
