
Microsoft Visual Studio Solution File, Format Version 12.00
# Visual Studio Version 17
VisualStudioVersion = 17.9.34902.65
MinimumVisualStudioVersion = 10.0.40219.1
Project("{FAE04EC0-301F-11D3-BF4B-00C04F79EFBC}") = "Class5.Android", "Class5.Android\Class5.Android.csproj", "{B02DA9F3-8B1E-41F3-88A8-01719C97EAAE}"
EndProject
Project("{FAE04EC0-301F-11D3-BF4B-00C04F79EFBC}") = "Class5.iOS", "Class5.iOS\Class5.iOS.csproj", "{F1537624-6C4F-41F7-8F17-8915E9D4FE2A}"
EndProject
Project("{FAE04EC0-301F-11D3-BF4B-00C04F79EFBC}") = "Class5", "Class5\Class5.csproj", "{7D8EC695-4E0B-4A45-8DE3-406316927B2F}"
EndProject
Global
	GlobalSection(SolutionConfigurationPlatforms) = preSolution
		Debug|Any CPU = Debug|Any CPU
		Debug|iPhone = Debug|iPhone
		Debug|iPhoneSimulator = Debug|iPhoneSimulator
		Release|Any CPU = Release|Any CPU
		Release|iPhone = Release|iPhone
		Release|iPhoneSimulator = Release|iPhoneSimulator
	EndGlobalSection
	GlobalSection(ProjectConfigurationPlatforms) = postSolution
		{B02DA9F3-8B1E-41F3-88A8-01719C97EAAE}.Debug|Any CPU.ActiveCfg = Debug|Any CPU
		{B02DA9F3-8B1E-41F3-88A8-01719C97EAAE}.Debug|Any CPU.Build.0 = Debug|Any CPU
		{B02DA9F3-8B1E-41F3-88A8-01719C97EAAE}.Debug|Any CPU.Deploy.0 = Debug|Any CPU
		{B02DA9F3-8B1E-41F3-88A8-01719C97EAAE}.Debug|iPhone.ActiveCfg = Debug|Any CPU
		{B02DA9F3-8B1E-41F3-88A8-01719C97EAAE}.Debug|iPhone.Build.0 = Debug|Any CPU
		{B02DA9F3-8B1E-41F3-88A8-01719C97EAAE}.Debug|iPhone.Deploy.0 = Debug|Any CPU
		{B02DA9F3-8B1E-41F3-88A8-01719C97EAAE}.Debug|iPhoneSimulator.ActiveCfg = Debug|Any CPU
		{B02DA9F3-8B1E-41F3-88A8-01719C97EAAE}.Debug|iPhoneSimulator.Build.0 = Debug|Any CPU
		{B02DA9F3-8B1E-41F3-88A8-01719C97EAAE}.Debug|iPhoneSimulator.Deploy.0 = Debug|Any CPU
		{B02DA9F3-8B1E-41F3-88A8-01719C97EAAE}.Release|Any CPU.ActiveCfg = Release|Any CPU
		{B02DA9F3-8B1E-41F3-88A8-01719C97EAAE}.Release|Any CPU.Build.0 = Release|Any CPU
		{B02DA9F3-8B1E-41F3-88A8-01719C97EAAE}.Release|Any CPU.Deploy.0 = Release|Any CPU
		{B02DA9F3-8B1E-41F3-88A8-01719C97EAAE}.Release|iPhone.ActiveCfg = Release|Any CPU
		{B02DA9F3-8B1E-41F3-88A8-01719C97EAAE}.Release|iPhone.Build.0 = Release|Any CPU
		{B02DA9F3-8B1E-41F3-88A8-01719C97EAAE}.Release|iPhone.Deploy.0 = Release|Any CPU
		{B02DA9F3-8B1E-41F3-88A8-01719C97EAAE}.Release|iPhoneSimulator.ActiveCfg = Release|Any CPU
		{B02DA9F3-8B1E-41F3-88A8-01719C97EAAE}.Release|iPhoneSimulator.Build.0 = Release|Any CPU
		{B02DA9F3-8B1E-41F3-88A8-01719C97EAAE}.Release|iPhoneSimulator.Deploy.0 = Release|Any CPU
		{F1537624-6C4F-41F7-8F17-8915E9D4FE2A}.Debug|Any CPU.ActiveCfg = Debug|iPhone
		{F1537624-6C4F-41F7-8F17-8915E9D4FE2A}.Debug|Any CPU.Build.0 = Debug|iPhone
		{F1537624-6C4F-41F7-8F17-8915E9D4FE2A}.Debug|Any CPU.Deploy.0 = Debug|iPhone
		{F1537624-6C4F-41F7-8F17-8915E9D4FE2A}.Debug|iPhone.ActiveCfg = Debug|iPhone
		{F1537624-6C4F-41F7-8F17-8915E9D4FE2A}.Debug|iPhone.Build.0 = Debug|iPhone
		{F1537624-6C4F-41F7-8F17-8915E9D4FE2A}.Debug|iPhone.Deploy.0 = Debug|iPhone
		{F1537624-6C4F-41F7-8F17-8915E9D4FE2A}.Debug|iPhoneSimulator.ActiveCfg = Debug|iPhoneSimulator
		{F1537624-6C4F-41F7-8F17-8915E9D4FE2A}.Debug|iPhoneSimulator.Build.0 = Debug|iPhoneSimulator
		{F1537624-6C4F-41F7-8F17-8915E9D4FE2A}.Debug|iPhoneSimulator.Deploy.0 = Debug|iPhoneSimulator
		{F1537624-6C4F-41F7-8F17-8915E9D4FE2A}.Release|Any CPU.ActiveCfg = Release|iPhoneSimulator
		{F1537624-6C4F-41F7-8F17-8915E9D4FE2A}.Release|Any CPU.Build.0 = Release|iPhoneSimulator
		{F1537624-6C4F-41F7-8F17-8915E9D4FE2A}.Release|Any CPU.Deploy.0 = Release|iPhoneSimulator
		{F1537624-6C4F-41F7-8F17-8915E9D4FE2A}.Release|iPhone.ActiveCfg = Release|iPhone
		{F1537624-6C4F-41F7-8F17-8915E9D4FE2A}.Release|iPhone.Build.0 = Release|iPhone
		{F1537624-6C4F-41F7-8F17-8915E9D4FE2A}.Release|iPhone.Deploy.0 = Release|iPhone
		{F1537624-6C4F-41F7-8F17-8915E9D4FE2A}.Release|iPhoneSimulator.ActiveCfg = Release|iPhoneSimulator
		{F1537624-6C4F-41F7-8F17-8915E9D4FE2A}.Release|iPhoneSimulator.Build.0 = Release|iPhoneSimulator
		{F1537624-6C4F-41F7-8F17-8915E9D4FE2A}.Release|iPhoneSimulator.Deploy.0 = Release|iPhoneSimulator
		{7D8EC695-4E0B-4A45-8DE3-406316927B2F}.Debug|Any CPU.ActiveCfg = Debug|Any CPU
		{7D8EC695-4E0B-4A45-8DE3-406316927B2F}.Debug|Any CPU.Build.0 = Debug|Any CPU
		{7D8EC695-4E0B-4A45-8DE3-406316927B2F}.Debug|Any CPU.Deploy.0 = Debug|Any CPU
		{7D8EC695-4E0B-4A45-8DE3-406316927B2F}.Debug|iPhone.ActiveCfg = Debug|Any CPU
		{7D8EC695-4E0B-4A45-8DE3-406316927B2F}.Debug|iPhone.Build.0 = Debug|Any CPU
		{7D8EC695-4E0B-4A45-8DE3-406316927B2F}.Debug|iPhone.Deploy.0 = Debug|Any CPU
		{7D8EC695-4E0B-4A45-8DE3-406316927B2F}.Debug|iPhoneSimulator.ActiveCfg = Debug|Any CPU
		{7D8EC695-4E0B-4A45-8DE3-406316927B2F}.Debug|iPhoneSimulator.Build.0 = Debug|Any CPU
		{7D8EC695-4E0B-4A45-8DE3-406316927B2F}.Debug|iPhoneSimulator.Deploy.0 = Debug|Any CPU
		{7D8EC695-4E0B-4A45-8DE3-406316927B2F}.Release|Any CPU.ActiveCfg = Release|Any CPU
		{7D8EC695-4E0B-4A45-8DE3-406316927B2F}.Release|Any CPU.Build.0 = Release|Any CPU
		{7D8EC695-4E0B-4A45-8DE3-406316927B2F}.Release|Any CPU.Deploy.0 = Release|Any CPU
		{7D8EC695-4E0B-4A45-8DE3-406316927B2F}.Release|iPhone.ActiveCfg = Release|Any CPU
		{7D8EC695-4E0B-4A45-8DE3-406316927B2F}.Release|iPhone.Build.0 = Release|Any CPU
		{7D8EC695-4E0B-4A45-8DE3-406316927B2F}.Release|iPhone.Deploy.0 = Release|Any CPU
		{7D8EC695-4E0B-4A45-8DE3-406316927B2F}.Release|iPhoneSimulator.ActiveCfg = Release|Any CPU
		{7D8EC695-4E0B-4A45-8DE3-406316927B2F}.Release|iPhoneSimulator.Build.0 = Release|Any CPU
		{7D8EC695-4E0B-4A45-8DE3-406316927B2F}.Release|iPhoneSimulator.Deploy.0 = Release|Any CPU
	EndGlobalSection
	GlobalSection(SolutionProperties) = preSolution
		HideSolutionNode = FALSE
	EndGlobalSection
	GlobalSection(ExtensibilityGlobals) = postSolution
		SolutionGuid = {3A476D4E-F541-4CB1-9625-C07AEC198EB0}
	EndGlobalSection
EndGlobal
