
Microsoft Visual Studio Solution File, Format Version 12.00
# Visual Studio Version 17
VisualStudioVersion = 17.9.34902.65
MinimumVisualStudioVersion = 10.0.40219.1
Project("{FAE04EC0-301F-11D3-BF4B-00C04F79EFBC}") = "Class4.Android", "Class4.Android\Class4.Android.csproj", "{96D98BE0-2C29-43EF-BB48-7767B7C6FEB9}"
EndProject
Project("{FAE04EC0-301F-11D3-BF4B-00C04F79EFBC}") = "Class4.iOS", "Class4.iOS\Class4.iOS.csproj", "{4F889AFF-EC3A-4791-81C8-67FABBAD3C16}"
EndProject
Project("{FAE04EC0-301F-11D3-BF4B-00C04F79EFBC}") = "Class4", "Class4\Class4.csproj", "{840D9274-86DB-4FED-A8FB-482BF36D0339}"
EndProject
Global
	GlobalSection(SolutionConfigurationPlatforms) = preSolution
		Debug|Any CPU = Debug|Any CPU
		Debug|iPhone = Debug|iPhone
		Debug|iPhoneSimulator = Debug|iPhoneSimulator
		Release|Any CPU = Release|Any CPU
		Release|iPhone = Release|iPhone
		Release|iPhoneSimulator = Release|iPhoneSimulator
	EndGlobalSection
	GlobalSection(ProjectConfigurationPlatforms) = postSolution
		{96D98BE0-2C29-43EF-BB48-7767B7C6FEB9}.Debug|Any CPU.ActiveCfg = Debug|Any CPU
		{96D98BE0-2C29-43EF-BB48-7767B7C6FEB9}.Debug|Any CPU.Build.0 = Debug|Any CPU
		{96D98BE0-2C29-43EF-BB48-7767B7C6FEB9}.Debug|Any CPU.Deploy.0 = Debug|Any CPU
		{96D98BE0-2C29-43EF-BB48-7767B7C6FEB9}.Debug|iPhone.ActiveCfg = Debug|Any CPU
		{96D98BE0-2C29-43EF-BB48-7767B7C6FEB9}.Debug|iPhone.Build.0 = Debug|Any CPU
		{96D98BE0-2C29-43EF-BB48-7767B7C6FEB9}.Debug|iPhone.Deploy.0 = Debug|Any CPU
		{96D98BE0-2C29-43EF-BB48-7767B7C6FEB9}.Debug|iPhoneSimulator.ActiveCfg = Debug|Any CPU
		{96D98BE0-2C29-43EF-BB48-7767B7C6FEB9}.Debug|iPhoneSimulator.Build.0 = Debug|Any CPU
		{96D98BE0-2C29-43EF-BB48-7767B7C6FEB9}.Debug|iPhoneSimulator.Deploy.0 = Debug|Any CPU
		{96D98BE0-2C29-43EF-BB48-7767B7C6FEB9}.Release|Any CPU.ActiveCfg = Release|Any CPU
		{96D98BE0-2C29-43EF-BB48-7767B7C6FEB9}.Release|Any CPU.Build.0 = Release|Any CPU
		{96D98BE0-2C29-43EF-BB48-7767B7C6FEB9}.Release|Any CPU.Deploy.0 = Release|Any CPU
		{96D98BE0-2C29-43EF-BB48-7767B7C6FEB9}.Release|iPhone.ActiveCfg = Release|Any CPU
		{96D98BE0-2C29-43EF-BB48-7767B7C6FEB9}.Release|iPhone.Build.0 = Release|Any CPU
		{96D98BE0-2C29-43EF-BB48-7767B7C6FEB9}.Release|iPhone.Deploy.0 = Release|Any CPU
		{96D98BE0-2C29-43EF-BB48-7767B7C6FEB9}.Release|iPhoneSimulator.ActiveCfg = Release|Any CPU
		{96D98BE0-2C29-43EF-BB48-7767B7C6FEB9}.Release|iPhoneSimulator.Build.0 = Release|Any CPU
		{96D98BE0-2C29-43EF-BB48-7767B7C6FEB9}.Release|iPhoneSimulator.Deploy.0 = Release|Any CPU
		{4F889AFF-EC3A-4791-81C8-67FABBAD3C16}.Debug|Any CPU.ActiveCfg = Debug|iPhone
		{4F889AFF-EC3A-4791-81C8-67FABBAD3C16}.Debug|Any CPU.Build.0 = Debug|iPhone
		{4F889AFF-EC3A-4791-81C8-67FABBAD3C16}.Debug|Any CPU.Deploy.0 = Debug|iPhone
		{4F889AFF-EC3A-4791-81C8-67FABBAD3C16}.Debug|iPhone.ActiveCfg = Debug|iPhone
		{4F889AFF-EC3A-4791-81C8-67FABBAD3C16}.Debug|iPhone.Build.0 = Debug|iPhone
		{4F889AFF-EC3A-4791-81C8-67FABBAD3C16}.Debug|iPhone.Deploy.0 = Debug|iPhone
		{4F889AFF-EC3A-4791-81C8-67FABBAD3C16}.Debug|iPhoneSimulator.ActiveCfg = Debug|iPhoneSimulator
		{4F889AFF-EC3A-4791-81C8-67FABBAD3C16}.Debug|iPhoneSimulator.Build.0 = Debug|iPhoneSimulator
		{4F889AFF-EC3A-4791-81C8-67FABBAD3C16}.Debug|iPhoneSimulator.Deploy.0 = Debug|iPhoneSimulator
		{4F889AFF-EC3A-4791-81C8-67FABBAD3C16}.Release|Any CPU.ActiveCfg = Release|iPhoneSimulator
		{4F889AFF-EC3A-4791-81C8-67FABBAD3C16}.Release|Any CPU.Build.0 = Release|iPhoneSimulator
		{4F889AFF-EC3A-4791-81C8-67FABBAD3C16}.Release|Any CPU.Deploy.0 = Release|iPhoneSimulator
		{4F889AFF-EC3A-4791-81C8-67FABBAD3C16}.Release|iPhone.ActiveCfg = Release|iPhone
		{4F889AFF-EC3A-4791-81C8-67FABBAD3C16}.Release|iPhone.Build.0 = Release|iPhone
		{4F889AFF-EC3A-4791-81C8-67FABBAD3C16}.Release|iPhone.Deploy.0 = Release|iPhone
		{4F889AFF-EC3A-4791-81C8-67FABBAD3C16}.Release|iPhoneSimulator.ActiveCfg = Release|iPhoneSimulator
		{4F889AFF-EC3A-4791-81C8-67FABBAD3C16}.Release|iPhoneSimulator.Build.0 = Release|iPhoneSimulator
		{4F889AFF-EC3A-4791-81C8-67FABBAD3C16}.Release|iPhoneSimulator.Deploy.0 = Release|iPhoneSimulator
		{840D9274-86DB-4FED-A8FB-482BF36D0339}.Debug|Any CPU.ActiveCfg = Debug|Any CPU
		{840D9274-86DB-4FED-A8FB-482BF36D0339}.Debug|Any CPU.Build.0 = Debug|Any CPU
		{840D9274-86DB-4FED-A8FB-482BF36D0339}.Debug|Any CPU.Deploy.0 = Debug|Any CPU
		{840D9274-86DB-4FED-A8FB-482BF36D0339}.Debug|iPhone.ActiveCfg = Debug|Any CPU
		{840D9274-86DB-4FED-A8FB-482BF36D0339}.Debug|iPhone.Build.0 = Debug|Any CPU
		{840D9274-86DB-4FED-A8FB-482BF36D0339}.Debug|iPhone.Deploy.0 = Debug|Any CPU
		{840D9274-86DB-4FED-A8FB-482BF36D0339}.Debug|iPhoneSimulator.ActiveCfg = Debug|Any CPU
		{840D9274-86DB-4FED-A8FB-482BF36D0339}.Debug|iPhoneSimulator.Build.0 = Debug|Any CPU
		{840D9274-86DB-4FED-A8FB-482BF36D0339}.Debug|iPhoneSimulator.Deploy.0 = Debug|Any CPU
		{840D9274-86DB-4FED-A8FB-482BF36D0339}.Release|Any CPU.ActiveCfg = Release|Any CPU
		{840D9274-86DB-4FED-A8FB-482BF36D0339}.Release|Any CPU.Build.0 = Release|Any CPU
		{840D9274-86DB-4FED-A8FB-482BF36D0339}.Release|Any CPU.Deploy.0 = Release|Any CPU
		{840D9274-86DB-4FED-A8FB-482BF36D0339}.Release|iPhone.ActiveCfg = Release|Any CPU
		{840D9274-86DB-4FED-A8FB-482BF36D0339}.Release|iPhone.Build.0 = Release|Any CPU
		{840D9274-86DB-4FED-A8FB-482BF36D0339}.Release|iPhone.Deploy.0 = Release|Any CPU
		{840D9274-86DB-4FED-A8FB-482BF36D0339}.Release|iPhoneSimulator.ActiveCfg = Release|Any CPU
		{840D9274-86DB-4FED-A8FB-482BF36D0339}.Release|iPhoneSimulator.Build.0 = Release|Any CPU
		{840D9274-86DB-4FED-A8FB-482BF36D0339}.Release|iPhoneSimulator.Deploy.0 = Release|Any CPU
	EndGlobalSection
	GlobalSection(SolutionProperties) = preSolution
		HideSolutionNode = FALSE
	EndGlobalSection
	GlobalSection(ExtensibilityGlobals) = postSolution
		SolutionGuid = {46480ECC-80C4-49BE-8FF5-DB3A1CA91727}
	EndGlobalSection
EndGlobal
